// !$*UTF8*$!
{
	archiveVersion = 1;
	classes = {
	};
	objectVersion = 46;
	objects = {

/* Begin PBXBuildFile section */
		95EF42051CFD7DD4003A1733 /* AppDelegate.swift in Sources */ = {isa = PBXBuildFile; fileRef = 95EF42041CFD7DD4003A1733 /* AppDelegate.swift */; };
		95EF42071CFD7DD4003A1733 /* ViewController.swift in Sources */ = {isa = PBXBuildFile; fileRef = 95EF42061CFD7DD4003A1733 /* ViewController.swift */; };
		95EF420A1CFD7DD4003A1733 /* Main.storyboard in Resources */ = {isa = PBXBuildFile; fileRef = 95EF42081CFD7DD4003A1733 /* Main.storyboard */; };
		95EF420C1CFD7DD4003A1733 /* Assets.xcassets in Resources */ = {isa = PBXBuildFile; fileRef = 95EF420B1CFD7DD4003A1733 /* Assets.xcassets */; };
		95EF420F1CFD7DD4003A1733 /* LaunchScreen.storyboard in Resources */ = {isa = PBXBuildFile; fileRef = 95EF420D1CFD7DD4003A1733 /* LaunchScreen.storyboard */; };
/* End PBXBuildFile section */

/* Begin PBXFileReference section */
		95EF42011CFD7DD4003A1733 /* swiftError.app */ = {isa = PBXFileReference; explicitFileType = wrapper.application; includeInIndex = 0; path = swiftError.app; sourceTree = BUILT_PRODUCTS_DIR; };
		95EF42041CFD7DD4003A1733 /* AppDelegate.swift */ = {isa = PBXFileReference; lastKnownFileType = sourcecode.swift; path = AppDelegate.swift; sourceTree = "<group>"; };
		95EF42061CFD7DD4003A1733 /* ViewController.swift */ = {isa = PBXFileReference; lastKnownFileType = sourcecode.swift; path = ViewController.swift; sourceTree = "<group>"; };
		95EF42091CFD7DD4003A1733 /* Base */ = {isa = PBXFileReference; lastKnownFileType = file.storyboard; name = Base; path = Base.lproj/Main.storyboard; sourceTree = "<group>"; };
		95EF420B1CFD7DD4003A1733 /* Assets.xcassets */ = {isa = PBXFileReference; lastKnownFileType = folder.assetcatalog; path = Assets.xcassets; sourceTree = "<group>"; };
		95EF420E1CFD7DD4003A1733 /* Base */ = {isa = PBXFileReference; lastKnownFileType = file.storyboard; name = Base; path = Base.lproj/LaunchScreen.storyboard; sourceTree = "<group>"; };
		95EF42101CFD7DD4003A1733 /* Info.plist */ = {isa = PBXFileReference; lastKnownFileType = text.plist.xml; path = Info.plist; sourceTree = "<group>"; };
/* End PBXFileReference section */

/* Begin PBXFrameworksBuildPhase section */
		95EF41FE1CFD7DD4003A1733 /* Frameworks */ = {
			isa = PBXFrameworksBuildPhase;
			buildActionMask = 2147483647;
			files = (
			);
			runOnlyForDeploymentPostprocessing = 0;
		};
/* End PBXFrameworksBuildPhase section */

/* Begin PBXGroup section */
		95EF41F81CFD7DD4003A1733 = {
			isa = PBXGroup;
			children = (
				95EF42031CFD7DD4003A1733 /* swiftError */,
				95EF42021CFD7DD4003A1733 /* Products */,
			);
			sourceTree = "<group>";
		};
		95EF42021CFD7DD4003A1733 /* Products */ = {
			isa = PBXGroup;
			children = (
				95EF42011CFD7DD4003A1733 /* swiftError.app */,
			);
			name = Products;
			sourceTree = "<group>";
		};
		95EF42031CFD7DD4003A1733 /* swiftError */ = {
			isa = PBXGroup;
			children = (
				95EF42041CFD7DD4003A1733 /* AppDelegate.swift */,
				95EF42061CFD7DD4003A1733 /* ViewController.swift */,
				95EF42081CFD7DD4003A1733 /* Main.storyboard */,
				95EF420B1CFD7DD4003A1733 /* Assets.xcassets */,
				95EF420D1CFD7DD4003A1733 /* LaunchScreen.storyboard */,
				95EF42101CFD7DD4003A1733 /* Info.plist */,
			);
			path = swiftError;
			sourceTree = "<group>";
		};
/* End PBXGroup section */

/* Begin PBXNativeTarget section */
		95EF42001CFD7DD4003A1733 /* swiftError */ = {
			isa = PBXNativeTarget;
			buildConfigurationList = 95EF42131CFD7DD4003A1733 /* Build configuration list for PBXNativeTarget "swiftError" */;
			buildPhases = (
				95EF41FD1CFD7DD4003A1733 /* Sources */,
				95EF41FE1CFD7DD4003A1733 /* Frameworks */,
				95EF41FF1CFD7DD4003A1733 /* Resources */,
			);
			buildRules = (
			);
			dependencies = (
			);
			name = swiftError;
			productName = swiftError;
			productReference = 95EF42011CFD7DD4003A1733 /* swiftError.app */;
			productType = "com.apple.product-type.application";
		};
/* End PBXNativeTarget section */

/* Begin PBXProject section */
		95EF41F91CFD7DD4003A1733 /* Project object */ = {
			isa = PBXProject;
			attributes = {
				LastSwiftUpdateCheck = 0730;
				LastUpgradeCheck = 0730;
				ORGANIZATIONNAME = "Thomas Nowak";
				TargetAttributes = {
					95EF42001CFD7DD4003A1733 = {
						CreatedOnToolsVersion = 7.3.1;
						DevelopmentTeam = KQVDGRZ45R;
					};
				};
			};
			buildConfigurationList = 95EF41FC1CFD7DD4003A1733 /* Build configuration list for PBXProject "swiftError" */;
			compatibilityVersion = "Xcode 3.2";
			developmentRegion = English;
			hasScannedForEncodings = 0;
			knownRegions = (
				en,
				Base,
			);
			mainGroup = 95EF41F81CFD7DD4003A1733;
			productRefGroup = 95EF42021CFD7DD4003A1733 /* Products */;
			projectDirPath = "";
			projectRoot = "";
			targets = (
				95EF42001CFD7DD4003A1733 /* swiftError */,
			);
		};
/* End PBXProject section */

/* Begin PBXResourcesBuildPhase section */
		95EF41FF1CFD7DD4003A1733 /* Resources */ = {
			isa = PBXResourcesBuildPhase;
			buildActionMask = 2147483647;
			files = (
				95EF420F1CFD7DD4003A1733 /* LaunchScreen.storyboard in Resources */,
				95EF420C1CFD7DD4003A1733 /* Assets.xcassets in Resources */,
				95EF420A1CFD7DD4003A1733 /* Main.storyboard in Resources */,
			);
			runOnlyForDeploymentPostprocessing = 0;
		};
/* End PBXResourcesBuildPhase section */

/* Begin PBXSourcesBuildPhase section */
		95EF41FD1CFD7DD4003A1733 /* Sources */ = {
			isa = PBXSourcesBuildPhase;
			buildActionMask = 2147483647;
			files = (
				95EF42071CFD7DD4003A1733 /* ViewController.swift in Sources */,
				95EF42051CFD7DD4003A1733 /* AppDelegate.swift in Sources */,
			);
			runOnlyForDeploymentPostprocessing = 0;
		};
/* End PBXSourcesBuildPhase section */

/* Begin PBXVariantGroup section */
		95EF42081CFD7DD4003A1733 /* Main.storyboard */ = {
			isa = PBXVariantGroup;
			children = (
				95EF42091CFD7DD4003A1733 /* Base */,
			);
			name = Main.storyboard;
			sourceTree = "<group>";
		};
		95EF420D1CFD7DD4003A1733 /* LaunchScreen.storyboard */ = {
			isa = PBXVariantGroup;
			children = (
				95EF420E1CFD7DD4003A1733 /* Base */,
			);
			name = LaunchScreen.storyboard;
			sourceTree = "<group>";
		};
/* End PBXVariantGroup section */

/* Begin XCBuildConfiguration section */
		95EF42111CFD7DD4003A1733 /* Debug */ = {
			isa = XCBuildConfiguration;
			buildSettings = {
				ALWAYS_SEARCH_USER_PATHS = NO;
				CLANG_ANALYZER_NONNULL = YES;
				CLANG_CXX_LANGUAGE_STANDARD = "gnu++0x";
				CLANG_CXX_LIBRARY = "libc++";
				CLANG_ENABLE_MODULES = YES;
				CLANG_ENABLE_OBJC_ARC = YES;
				CLANG_WARN_BOOL_CONVERSION = YES;
				CLANG_WARN_CONSTANT_CONVERSION = YES;
				CLANG_WARN_DIRECT_OBJC_ISA_USAGE = YES_ERROR;
				CLANG_WARN_EMPTY_BODY = YES;
				CLANG_WARN_ENUM_CONVERSION = YES;
				CLANG_WARN_INT_CONVERSION = YES;
				CLANG_WARN_OBJC_ROOT_CLASS = YES_ERROR;
				CLANG_WARN_UNREACHABLE_CODE = YES;
				CLANG_WARN__DUPLICATE_METHOD_MATCH = YES;
				"CODE_SIGN_IDENTITY[sdk=iphoneos*]" = "iPhone Developer";
				COPY_PHASE_STRIP = NO;
				DEBUG_INFORMATION_FORMAT = dwarf;
				ENABLE_STRICT_OBJC_MSGSEND = YES;
				ENABLE_TESTABILITY = YES;
				GCC_C_LANGUAGE_STANDARD = gnu99;
				GCC_DYNAMIC_NO_PIC = NO;
				GCC_NO_COMMON_BLOCKS = YES;
				GCC_OPTIMIZATION_LEVEL = 0;
				GCC_PREPROCESSOR_DEFINITIONS = (
					"DEBUG=1",
					"$(inherited)",
				);
				GCC_WARN_64_TO_32_BIT_CONVERSION = YES;
				GCC_WARN_ABOUT_RETURN_TYPE = YES_ERROR;
				GCC_WARN_UNDECLARED_SELECTOR = YES;
				GCC_WARN_UNINITIALIZED_AUTOS = YES_AGGRESSIVE;
				GCC_WARN_UNUSED_FUNCTION = YES;
				GCC_WARN_UNUSED_VARIABLE = YES;
				IPHONEOS_DEPLOYMENT_TARGET = 9.3;
				MTL_ENABLE_DEBUG_INFO = YES;
				ONLY_ACTIVE_ARCH = YES;
				SDKROOT = iphoneos;
				SWIFT_OPTIMIZATION_LEVEL = "-Onone";
				TARGETED_DEVICE_FAMILY = 2;
			};
			name = Debug;
		};
		95EF42121CFD7DD4003A1733 /* Release */ = {
			isa = XCBuildConfiguration;
			buildSettings = {
				ALWAYS_SEARCH_USER_PATHS = NO;
				CLANG_ANALYZER_NONNULL = YES;
				CLANG_CXX_LANGUAGE_STANDARD = "gnu++0x";
				CLANG_CXX_LIBRARY = "libc++";
				CLANG_ENABLE_MODULES = YES;
				CLANG_ENABLE_OBJC_ARC = YES;
				CLANG_WARN_BOOL_CONVERSION = YES;
				CLANG_WARN_CONSTANT_CONVERSION = YES;
				CLANG_WARN_DIRECT_OBJC_ISA_USAGE = YES_ERROR;
				CLANG_WARN_EMPTY_BODY = YES;
				CLANG_WARN_ENUM_CONVERSION = YES;
				CLANG_WARN_INT_CONVERSION = YES;
				CLANG_WARN_OBJC_ROOT_CLASS = YES_ERROR;
				CLANG_WARN_UNREACHABLE_CODE = YES;
				CLANG_WARN__DUPLICATE_METHOD_MATCH = YES;
				"CODE_SIGN_IDENTITY[sdk=iphoneos*]" = "iPhone Developer";
				COPY_PHASE_STRIP = NO;
				DEBUG_INFORMATION_FORMAT = "dwarf-with-dsym";
				ENABLE_NS_ASSERTIONS = NO;
				ENABLE_STRICT_OBJC_MSGSEND = YES;
				GCC_C_LANGUAGE_STANDARD = gnu99;
				GCC_NO_COMMON_BLOCKS = YES;
				GCC_WARN_64_TO_32_BIT_CONVERSION = YES;
				GCC_WARN_ABOUT_RETURN_TYPE = YES_ERROR;
				GCC_WARN_UNDECLARED_SELECTOR = YES;
				GCC_WARN_UNINITIALIZED_AUTOS = YES_AGGRESSIVE;
				GCC_WARN_UNUSED_FUNCTION = YES;
				GCC_WARN_UNUSED_VARIABLE = YES;
				IPHONEOS_DEPLOYMENT_TARGET = 9.3;
				MTL_ENABLE_DEBUG_INFO = NO;
				SDKROOT = iphoneos;
				TARGETED_DEVICE_FAMILY = 2;
				VALIDATE_PRODUCT = YES;
			};
			name = Release;
		};
		95EF42141CFD7DD4003A1733 /* Debug */ = {
			isa = XCBuildConfiguration;
			buildSettings = {
				ASSETCATALOG_COMPILER_APPICON_NAME = AppIcon;
				CODE_SIGN_IDENTITY = "iPhone Developer";
				INFOPLIST_FILE = swiftError/Info.plist;
				LD_RUNPATH_SEARCH_PATHS = "$(inherited) @executable_path/Frameworks";
				PRODUCT_BUNDLE_IDENTIFIER = de.comlineag.swiftError;
				PRODUCT_NAME = "$(TARGET_NAME)";
			};
			name = Debug;
		};
		95EF42151CFD7DD4003A1733 /* Release */ = {
			isa = XCBuildConfiguration;
			buildSettings = {
				ASSETCATALOG_COMPILER_APPICON_NAME = AppIcon;
				CODE_SIGN_IDENTITY = "iPhone Developer";
				INFOPLIST_FILE = swiftError/Info.plist;
				LD_RUNPATH_SEARCH_PATHS = "$(inherited) @executable_path/Frameworks";
				PRODUCT_BUNDLE_IDENTIFIER = de.comlineag.swiftError;
				PRODUCT_NAME = "$(TARGET_NAME)";
			};
			name = Release;
		};
/* End XCBuildConfiguration section */

/* Begin XCConfigurationList section */
		95EF41FC1CFD7DD4003A1733 /* Build configuration list for PBXProject "swiftError" */ = {
			isa = XCConfigurationList;
			buildConfigurations = (
				95EF42111CFD7DD4003A1733 /* Debug */,
				95EF42121CFD7DD4003A1733 /* Release */,
			);
			defaultConfigurationIsVisible = 0;
			defaultConfigurationName = Release;
		};
		95EF42131CFD7DD4003A1733 /* Build configuration list for PBXNativeTarget "swiftError" */ = {
			isa = XCConfigurationList;
			buildConfigurations = (
				95EF42141CFD7DD4003A1733 /* Debug */,
				95EF42151CFD7DD4003A1733 /* Release */,
			);
			defaultConfigurationIsVisible = 0;
		};
/* End XCConfigurationList section */
	};
	rootObject = 95EF41F91CFD7DD4003A1733 /* Project object */;
}
